
Microsoft Visual Studio Solution File, Format Version 12.00
# Visual Studio 15
VisualStudioVersion = 15.0.28307.779
MinimumVisualStudioVersion = 10.0.40219.1
Project("{FAE04EC0-301F-11D3-BF4B-00C04F79EFBC}") = "FillerPDF", "FillerPDF\FillerPDF.csproj", "{43849954-2AA0-4DF7-A251-E653868824EB}"
EndProject
Project("{FAE04EC0-301F-11D3-BF4B-00C04F79EFBC}") = "FillerPDF.POC", "FillerPDF.POC\FillerPDF.POC.csproj", "{76DED9A1-6B90-47B5-94E2-172163AFBFEC}"
EndProject
Global
	GlobalSection(SolutionConfigurationPlatforms) = preSolution
		Debug|Any CPU = Debug|Any CPU
		Release|Any CPU = Release|Any CPU
	EndGlobalSection
	GlobalSection(ProjectConfigurationPlatforms) = postSolution
		{43849954-2AA0-4DF7-A251-E653868824EB}.Debug|Any CPU.ActiveCfg = Debug|Any CPU
		{43849954-2AA0-4DF7-A251-E653868824EB}.Debug|Any CPU.Build.0 = Debug|Any CPU
		{43849954-2AA0-4DF7-A251-E653868824EB}.Release|Any CPU.ActiveCfg = Release|Any CPU
		{43849954-2AA0-4DF7-A251-E653868824EB}.Release|Any CPU.Build.0 = Release|Any CPU
		{76DED9A1-6B90-47B5-94E2-172163AFBFEC}.Debug|Any CPU.ActiveCfg = Debug|Any CPU
		{76DED9A1-6B90-47B5-94E2-172163AFBFEC}.Debug|Any CPU.Build.0 = Debug|Any CPU
		{76DED9A1-6B90-47B5-94E2-172163AFBFEC}.Release|Any CPU.ActiveCfg = Release|Any CPU
		{76DED9A1-6B90-47B5-94E2-172163AFBFEC}.Release|Any CPU.Build.0 = Release|Any CPU
	EndGlobalSection
	GlobalSection(SolutionProperties) = preSolution
		HideSolutionNode = FALSE
	EndGlobalSection
	GlobalSection(ExtensibilityGlobals) = postSolution
		SolutionGuid = {56E5D895-88DB-4FA9-9B5B-FCF44BC52965}
	EndGlobalSection
EndGlobal
